
Microsoft Visual Studio Solution File, Format Version 12.00
# Visual Studio Version 17
VisualStudioVersion = 17.4.33205.214
MinimumVisualStudioVersion = 10.0.40219.1
Project("{FAE04EC0-301F-11D3-BF4B-00C04F79EFBC}") = "lab6", "lab6\lab6.csproj", "{BDCBE5B4-D05E-4590-8C43-5924A1433D52}"
EndProject
Global
	GlobalSection(SolutionConfigurationPlatforms) = preSolution
		Debug|Any CPU = Debug|Any CPU
		Release|Any CPU = Release|Any CPU
	EndGlobalSection
	GlobalSection(ProjectConfigurationPlatforms) = postSolution
		{BDCBE5B4-D05E-4590-8C43-5924A1433D52}.Debug|Any CPU.ActiveCfg = Debug|Any CPU
		{BDCBE5B4-D05E-4590-8C43-5924A1433D52}.Debug|Any CPU.Build.0 = Debug|Any CPU
		{BDCBE5B4-D05E-4590-8C43-5924A1433D52}.Release|Any CPU.ActiveCfg = Release|Any CPU
		{BDCBE5B4-D05E-4590-8C43-5924A1433D52}.Release|Any CPU.Build.0 = Release|Any CPU
	EndGlobalSection
	GlobalSection(SolutionProperties) = preSolution
		HideSolutionNode = FALSE
	EndGlobalSection
	GlobalSection(ExtensibilityGlobals) = postSolution
		SolutionGuid = {824AAEFD-35E1-45EC-B905-DC9F62F4B99C}
	EndGlobalSection
EndGlobal
